
Microsoft Visual Studio Solution File, Format Version 12.00
# Visual Studio 14
VisualStudioVersion = 14.0.25123.0
MinimumVisualStudioVersion = 10.0.40219.1
Project("{FAE04EC0-301F-11D3-BF4B-00C04F79EFBC}") = "WinForm", "WinForm\WinForm.csproj", "{48AB25DA-7A5B-44AF-9F2C-39FA4B13A034}"
EndProject
Project("{FAE04EC0-301F-11D3-BF4B-00C04F79EFBC}") = "OpenWeatherMap", "..\..\Library\OpenWeatherMap\OpenWeatherMap.csproj", "{70453FF8-262F-47E5-983D-7A0D858C7784}"
EndProject
Project("{FAE04EC0-301F-11D3-BF4B-00C04F79EFBC}") = "Weather", "..\..\Library\Weather\Weather.csproj", "{54D519AE-3E97-4155-89C4-1B1A4F6341FB}"
EndProject
Project("{FAE04EC0-301F-11D3-BF4B-00C04F79EFBC}") = "Web", "Web\Web.csproj", "{405DF7A5-F17C-44C7-BC5F-67FE05EA251E}"
EndProject
Project("{FAE04EC0-301F-11D3-BF4B-00C04F79EFBC}") = "WeatherLady", "..\..\Library\WeatherLady\WeatherLady.csproj", "{3CEE14AE-3C90-4BE5-A6E8-D15E8BB00E45}"
EndProject
Project("{FAE04EC0-301F-11D3-BF4B-00C04F79EFBC}") = "Xamarin.Droid", "Xamarin\Xamarin.Droid\Xamarin.Droid.csproj", "{41053904-E951-4B67-AD9F-463EB023A0DE}"
EndProject
Project("{FAE04EC0-301F-11D3-BF4B-00C04F79EFBC}") = "Xamarin.iOS", "Xamarin\Xamarin.iOS\Xamarin.iOS.csproj", "{E05CA6C9-BE69-4D4E-BAD3-5DCF337F0FB1}"
EndProject
Project("{FAE04EC0-301F-11D3-BF4B-00C04F79EFBC}") = "Xamarin.WinPhone", "Xamarin\Xamarin.WinPhone\Xamarin.WinPhone.csproj", "{71CEDE84-0F43-4C42-B6FF-421BF77FD586}"
EndProject
Project("{FAE04EC0-301F-11D3-BF4B-00C04F79EFBC}") = "Xamarin.UWP", "Xamarin\Xamarin.UWP\Xamarin.UWP.csproj", "{0232DE44-4F30-497D-9955-61B83A0106C1}"
EndProject
Project("{FAE04EC0-301F-11D3-BF4B-00C04F79EFBC}") = "Xamarin.Windows", "Xamarin\Xamarin.Windows\Xamarin.Windows.csproj", "{1FD4FB59-BA69-445F-860A-913484C63870}"
EndProject
Project("{FAE04EC0-301F-11D3-BF4B-00C04F79EFBC}") = "Xamarin", "Xamarin\Xamarin\Xamarin.csproj", "{74617A3A-BBBD-4729-BA68-D773B64F2C5E}"
EndProject
Global
	GlobalSection(SolutionConfigurationPlatforms) = preSolution
		Ad-Hoc|Any CPU = Ad-Hoc|Any CPU
		Ad-Hoc|ARM = Ad-Hoc|ARM
		Ad-Hoc|iPhone = Ad-Hoc|iPhone
		Ad-Hoc|iPhoneSimulator = Ad-Hoc|iPhoneSimulator
		Ad-Hoc|x64 = Ad-Hoc|x64
		Ad-Hoc|x86 = Ad-Hoc|x86
		AppStore|Any CPU = AppStore|Any CPU
		AppStore|ARM = AppStore|ARM
		AppStore|iPhone = AppStore|iPhone
		AppStore|iPhoneSimulator = AppStore|iPhoneSimulator
		AppStore|x64 = AppStore|x64
		AppStore|x86 = AppStore|x86
		Debug|Any CPU = Debug|Any CPU
		Debug|ARM = Debug|ARM
		Debug|iPhone = Debug|iPhone
		Debug|iPhoneSimulator = Debug|iPhoneSimulator
		Debug|x64 = Debug|x64
		Debug|x86 = Debug|x86
		Release|Any CPU = Release|Any CPU
		Release|ARM = Release|ARM
		Release|iPhone = Release|iPhone
		Release|iPhoneSimulator = Release|iPhoneSimulator
		Release|x64 = Release|x64
		Release|x86 = Release|x86
	EndGlobalSection
	GlobalSection(ProjectConfigurationPlatforms) = postSolution
		{48AB25DA-7A5B-44AF-9F2C-39FA4B13A034}.Ad-Hoc|Any CPU.ActiveCfg = Release|Any CPU
		{48AB25DA-7A5B-44AF-9F2C-39FA4B13A034}.Ad-Hoc|Any CPU.Build.0 = Release|Any CPU
		{48AB25DA-7A5B-44AF-9F2C-39FA4B13A034}.Ad-Hoc|ARM.ActiveCfg = Release|Any CPU
		{48AB25DA-7A5B-44AF-9F2C-39FA4B13A034}.Ad-Hoc|ARM.Build.0 = Release|Any CPU
		{48AB25DA-7A5B-44AF-9F2C-39FA4B13A034}.Ad-Hoc|iPhone.ActiveCfg = Release|Any CPU
		{48AB25DA-7A5B-44AF-9F2C-39FA4B13A034}.Ad-Hoc|iPhone.Build.0 = Release|Any CPU
		{48AB25DA-7A5B-44AF-9F2C-39FA4B13A034}.Ad-Hoc|iPhoneSimulator.ActiveCfg = Release|Any CPU
		{48AB25DA-7A5B-44AF-9F2C-39FA4B13A034}.Ad-Hoc|iPhoneSimulator.Build.0 = Release|Any CPU
		{48AB25DA-7A5B-44AF-9F2C-39FA4B13A034}.Ad-Hoc|x64.ActiveCfg = Release|Any CPU
		{48AB25DA-7A5B-44AF-9F2C-39FA4B13A034}.Ad-Hoc|x64.Build.0 = Release|Any CPU
		{48AB25DA-7A5B-44AF-9F2C-39FA4B13A034}.Ad-Hoc|x86.ActiveCfg = Release|Any CPU
		{48AB25DA-7A5B-44AF-9F2C-39FA4B13A034}.Ad-Hoc|x86.Build.0 = Release|Any CPU
		{48AB25DA-7A5B-44AF-9F2C-39FA4B13A034}.AppStore|Any CPU.ActiveCfg = Release|Any CPU
		{48AB25DA-7A5B-44AF-9F2C-39FA4B13A034}.AppStore|Any CPU.Build.0 = Release|Any CPU
		{48AB25DA-7A5B-44AF-9F2C-39FA4B13A034}.AppStore|ARM.ActiveCfg = Release|Any CPU
		{48AB25DA-7A5B-44AF-9F2C-39FA4B13A034}.AppStore|ARM.Build.0 = Release|Any CPU
		{48AB25DA-7A5B-44AF-9F2C-39FA4B13A034}.AppStore|iPhone.ActiveCfg = Release|Any CPU
		{48AB25DA-7A5B-44AF-9F2C-39FA4B13A034}.AppStore|iPhone.Build.0 = Release|Any CPU
		{48AB25DA-7A5B-44AF-9F2C-39FA4B13A034}.AppStore|iPhoneSimulator.ActiveCfg = Release|Any CPU
		{48AB25DA-7A5B-44AF-9F2C-39FA4B13A034}.AppStore|iPhoneSimulator.Build.0 = Release|Any CPU
		{48AB25DA-7A5B-44AF-9F2C-39FA4B13A034}.AppStore|x64.ActiveCfg = Release|Any CPU
		{48AB25DA-7A5B-44AF-9F2C-39FA4B13A034}.AppStore|x64.Build.0 = Release|Any CPU
		{48AB25DA-7A5B-44AF-9F2C-39FA4B13A034}.AppStore|x86.ActiveCfg = Release|Any CPU
		{48AB25DA-7A5B-44AF-9F2C-39FA4B13A034}.AppStore|x86.Build.0 = Release|Any CPU
		{48AB25DA-7A5B-44AF-9F2C-39FA4B13A034}.Debug|Any CPU.ActiveCfg = Debug|Any CPU
		{48AB25DA-7A5B-44AF-9F2C-39FA4B13A034}.Debug|Any CPU.Build.0 = Debug|Any CPU
		{48AB25DA-7A5B-44AF-9F2C-39FA4B13A034}.Debug|ARM.ActiveCfg = Debug|Any CPU
		{48AB25DA-7A5B-44AF-9F2C-39FA4B13A034}.Debug|ARM.Build.0 = Debug|Any CPU
		{48AB25DA-7A5B-44AF-9F2C-39FA4B13A034}.Debug|iPhone.ActiveCfg = Debug|Any CPU
		{48AB25DA-7A5B-44AF-9F2C-39FA4B13A034}.Debug|iPhone.Build.0 = Debug|Any CPU
		{48AB25DA-7A5B-44AF-9F2C-39FA4B13A034}.Debug|iPhoneSimulator.ActiveCfg = Debug|Any CPU
		{48AB25DA-7A5B-44AF-9F2C-39FA4B13A034}.Debug|iPhoneSimulator.Build.0 = Debug|Any CPU
		{48AB25DA-7A5B-44AF-9F2C-39FA4B13A034}.Debug|x64.ActiveCfg = Debug|Any CPU
		{48AB25DA-7A5B-44AF-9F2C-39FA4B13A034}.Debug|x64.Build.0 = Debug|Any CPU
		{48AB25DA-7A5B-44AF-9F2C-39FA4B13A034}.Debug|x86.ActiveCfg = Debug|Any CPU
		{48AB25DA-7A5B-44AF-9F2C-39FA4B13A034}.Debug|x86.Build.0 = Debug|Any CPU
		{48AB25DA-7A5B-44AF-9F2C-39FA4B13A034}.Release|Any CPU.ActiveCfg = Release|Any CPU
		{48AB25DA-7A5B-44AF-9F2C-39FA4B13A034}.Release|Any CPU.Build.0 = Release|Any CPU
		{48AB25DA-7A5B-44AF-9F2C-39FA4B13A034}.Release|ARM.ActiveCfg = Release|Any CPU
		{48AB25DA-7A5B-44AF-9F2C-39FA4B13A034}.Release|ARM.Build.0 = Release|Any CPU
		{48AB25DA-7A5B-44AF-9F2C-39FA4B13A034}.Release|iPhone.ActiveCfg = Release|Any CPU
		{48AB25DA-7A5B-44AF-9F2C-39FA4B13A034}.Release|iPhone.Build.0 = Release|Any CPU
		{48AB25DA-7A5B-44AF-9F2C-39FA4B13A034}.Release|iPhoneSimulator.ActiveCfg = Release|Any CPU
		{48AB25DA-7A5B-44AF-9F2C-39FA4B13A034}.Release|iPhoneSimulator.Build.0 = Release|Any CPU
		{48AB25DA-7A5B-44AF-9F2C-39FA4B13A034}.Release|x64.ActiveCfg = Release|Any CPU
		{48AB25DA-7A5B-44AF-9F2C-39FA4B13A034}.Release|x64.Build.0 = Release|Any CPU
		{48AB25DA-7A5B-44AF-9F2C-39FA4B13A034}.Release|x86.ActiveCfg = Release|Any CPU
		{48AB25DA-7A5B-44AF-9F2C-39FA4B13A034}.Release|x86.Build.0 = Release|Any CPU
		{70453FF8-262F-47E5-983D-7A0D858C7784}.Ad-Hoc|Any CPU.ActiveCfg = Release|Any CPU
		{70453FF8-262F-47E5-983D-7A0D858C7784}.Ad-Hoc|Any CPU.Build.0 = Release|Any CPU
		{70453FF8-262F-47E5-983D-7A0D858C7784}.Ad-Hoc|ARM.ActiveCfg = Release|Any CPU
		{70453FF8-262F-47E5-983D-7A0D858C7784}.Ad-Hoc|ARM.Build.0 = Release|Any CPU
		{70453FF8-262F-47E5-983D-7A0D858C7784}.Ad-Hoc|iPhone.ActiveCfg = Release|Any CPU
		{70453FF8-262F-47E5-983D-7A0D858C7784}.Ad-Hoc|iPhone.Build.0 = Release|Any CPU
		{70453FF8-262F-47E5-983D-7A0D858C7784}.Ad-Hoc|iPhoneSimulator.ActiveCfg = Release|Any CPU
		{70453FF8-262F-47E5-983D-7A0D858C7784}.Ad-Hoc|iPhoneSimulator.Build.0 = Release|Any CPU
		{70453FF8-262F-47E5-983D-7A0D858C7784}.Ad-Hoc|x64.ActiveCfg = Release|Any CPU
		{70453FF8-262F-47E5-983D-7A0D858C7784}.Ad-Hoc|x64.Build.0 = Release|Any CPU
		{70453FF8-262F-47E5-983D-7A0D858C7784}.Ad-Hoc|x86.ActiveCfg = Release|Any CPU
		{70453FF8-262F-47E5-983D-7A0D858C7784}.Ad-Hoc|x86.Build.0 = Release|Any CPU
		{70453FF8-262F-47E5-983D-7A0D858C7784}.AppStore|Any CPU.ActiveCfg = Release|Any CPU
		{70453FF8-262F-47E5-983D-7A0D858C7784}.AppStore|Any CPU.Build.0 = Release|Any CPU
		{70453FF8-262F-47E5-983D-7A0D858C7784}.AppStore|ARM.ActiveCfg = Release|Any CPU
		{70453FF8-262F-47E5-983D-7A0D858C7784}.AppStore|ARM.Build.0 = Release|Any CPU
		{70453FF8-262F-47E5-983D-7A0D858C7784}.AppStore|iPhone.ActiveCfg = Release|Any CPU
		{70453FF8-262F-47E5-983D-7A0D858C7784}.AppStore|iPhone.Build.0 = Release|Any CPU
		{70453FF8-262F-47E5-983D-7A0D858C7784}.AppStore|iPhoneSimulator.ActiveCfg = Release|Any CPU
		{70453FF8-262F-47E5-983D-7A0D858C7784}.AppStore|iPhoneSimulator.Build.0 = Release|Any CPU
		{70453FF8-262F-47E5-983D-7A0D858C7784}.AppStore|x64.ActiveCfg = Release|Any CPU
		{70453FF8-262F-47E5-983D-7A0D858C7784}.AppStore|x64.Build.0 = Release|Any CPU
		{70453FF8-262F-47E5-983D-7A0D858C7784}.AppStore|x86.ActiveCfg = Release|Any CPU
		{70453FF8-262F-47E5-983D-7A0D858C7784}.AppStore|x86.Build.0 = Release|Any CPU
		{70453FF8-262F-47E5-983D-7A0D858C7784}.Debug|Any CPU.ActiveCfg = Debug|Any CPU
		{70453FF8-262F-47E5-983D-7A0D858C7784}.Debug|Any CPU.Build.0 = Debug|Any CPU
		{70453FF8-262F-47E5-983D-7A0D858C7784}.Debug|ARM.ActiveCfg = Debug|Any CPU
		{70453FF8-262F-47E5-983D-7A0D858C7784}.Debug|ARM.Build.0 = Debug|Any CPU
		{70453FF8-262F-47E5-983D-7A0D858C7784}.Debug|iPhone.ActiveCfg = Debug|Any CPU
		{70453FF8-262F-47E5-983D-7A0D858C7784}.Debug|iPhone.Build.0 = Debug|Any CPU
		{70453FF8-262F-47E5-983D-7A0D858C7784}.Debug|iPhoneSimulator.ActiveCfg = Debug|Any CPU
		{70453FF8-262F-47E5-983D-7A0D858C7784}.Debug|iPhoneSimulator.Build.0 = Debug|Any CPU
		{70453FF8-262F-47E5-983D-7A0D858C7784}.Debug|x64.ActiveCfg = Debug|Any CPU
		{70453FF8-262F-47E5-983D-7A0D858C7784}.Debug|x64.Build.0 = Debug|Any CPU
		{70453FF8-262F-47E5-983D-7A0D858C7784}.Debug|x86.ActiveCfg = Debug|Any CPU
		{70453FF8-262F-47E5-983D-7A0D858C7784}.Debug|x86.Build.0 = Debug|Any CPU
		{70453FF8-262F-47E5-983D-7A0D858C7784}.Release|Any CPU.ActiveCfg = Release|Any CPU
		{70453FF8-262F-47E5-983D-7A0D858C7784}.Release|Any CPU.Build.0 = Release|Any CPU
		{70453FF8-262F-47E5-983D-7A0D858C7784}.Release|ARM.ActiveCfg = Release|Any CPU
		{70453FF8-262F-47E5-983D-7A0D858C7784}.Release|ARM.Build.0 = Release|Any CPU
		{70453FF8-262F-47E5-983D-7A0D858C7784}.Release|iPhone.ActiveCfg = Release|Any CPU
		{70453FF8-262F-47E5-983D-7A0D858C7784}.Release|iPhone.Build.0 = Release|Any CPU
		{70453FF8-262F-47E5-983D-7A0D858C7784}.Release|iPhoneSimulator.ActiveCfg = Release|Any CPU
		{70453FF8-262F-47E5-983D-7A0D858C7784}.Release|iPhoneSimulator.Build.0 = Release|Any CPU
		{70453FF8-262F-47E5-983D-7A0D858C7784}.Release|x64.ActiveCfg = Release|Any CPU
		{70453FF8-262F-47E5-983D-7A0D858C7784}.Release|x64.Build.0 = Release|Any CPU
		{70453FF8-262F-47E5-983D-7A0D858C7784}.Release|x86.ActiveCfg = Release|Any CPU
		{70453FF8-262F-47E5-983D-7A0D858C7784}.Release|x86.Build.0 = Release|Any CPU
		{54D519AE-3E97-4155-89C4-1B1A4F6341FB}.Ad-Hoc|Any CPU.ActiveCfg = Release|Any CPU
		{54D519AE-3E97-4155-89C4-1B1A4F6341FB}.Ad-Hoc|Any CPU.Build.0 = Release|Any CPU
		{54D519AE-3E97-4155-89C4-1B1A4F6341FB}.Ad-Hoc|ARM.ActiveCfg = Release|Any CPU
		{54D519AE-3E97-4155-89C4-1B1A4F6341FB}.Ad-Hoc|ARM.Build.0 = Release|Any CPU
		{54D519AE-3E97-4155-89C4-1B1A4F6341FB}.Ad-Hoc|iPhone.ActiveCfg = Release|Any CPU
		{54D519AE-3E97-4155-89C4-1B1A4F6341FB}.Ad-Hoc|iPhone.Build.0 = Release|Any CPU
		{54D519AE-3E97-4155-89C4-1B1A4F6341FB}.Ad-Hoc|iPhoneSimulator.ActiveCfg = Release|Any CPU
		{54D519AE-3E97-4155-89C4-1B1A4F6341FB}.Ad-Hoc|iPhoneSimulator.Build.0 = Release|Any CPU
		{54D519AE-3E97-4155-89C4-1B1A4F6341FB}.Ad-Hoc|x64.ActiveCfg = Release|Any CPU
		{54D519AE-3E97-4155-89C4-1B1A4F6341FB}.Ad-Hoc|x64.Build.0 = Release|Any CPU
		{54D519AE-3E97-4155-89C4-1B1A4F6341FB}.Ad-Hoc|x86.ActiveCfg = Release|Any CPU
		{54D519AE-3E97-4155-89C4-1B1A4F6341FB}.Ad-Hoc|x86.Build.0 = Release|Any CPU
		{54D519AE-3E97-4155-89C4-1B1A4F6341FB}.AppStore|Any CPU.ActiveCfg = Release|Any CPU
		{54D519AE-3E97-4155-89C4-1B1A4F6341FB}.AppStore|Any CPU.Build.0 = Release|Any CPU
		{54D519AE-3E97-4155-89C4-1B1A4F6341FB}.AppStore|ARM.ActiveCfg = Release|Any CPU
		{54D519AE-3E97-4155-89C4-1B1A4F6341FB}.AppStore|ARM.Build.0 = Release|Any CPU
		{54D519AE-3E97-4155-89C4-1B1A4F6341FB}.AppStore|iPhone.ActiveCfg = Release|Any CPU
		{54D519AE-3E97-4155-89C4-1B1A4F6341FB}.AppStore|iPhone.Build.0 = Release|Any CPU
		{54D519AE-3E97-4155-89C4-1B1A4F6341FB}.AppStore|iPhoneSimulator.ActiveCfg = Release|Any CPU
		{54D519AE-3E97-4155-89C4-1B1A4F6341FB}.AppStore|iPhoneSimulator.Build.0 = Release|Any CPU
		{54D519AE-3E97-4155-89C4-1B1A4F6341FB}.AppStore|x64.ActiveCfg = Release|Any CPU
		{54D519AE-3E97-4155-89C4-1B1A4F6341FB}.AppStore|x64.Build.0 = Release|Any CPU
		{54D519AE-3E97-4155-89C4-1B1A4F6341FB}.AppStore|x86.ActiveCfg = Release|Any CPU
		{54D519AE-3E97-4155-89C4-1B1A4F6341FB}.AppStore|x86.Build.0 = Release|Any CPU
		{54D519AE-3E97-4155-89C4-1B1A4F6341FB}.Debug|Any CPU.ActiveCfg = Debug|Any CPU
		{54D519AE-3E97-4155-89C4-1B1A4F6341FB}.Debug|Any CPU.Build.0 = Debug|Any CPU
		{54D519AE-3E97-4155-89C4-1B1A4F6341FB}.Debug|ARM.ActiveCfg = Debug|Any CPU
		{54D519AE-3E97-4155-89C4-1B1A4F6341FB}.Debug|ARM.Build.0 = Debug|Any CPU
		{54D519AE-3E97-4155-89C4-1B1A4F6341FB}.Debug|iPhone.ActiveCfg = Debug|Any CPU
		{54D519AE-3E97-4155-89C4-1B1A4F6341FB}.Debug|iPhone.Build.0 = Debug|Any CPU
		{54D519AE-3E97-4155-89C4-1B1A4F6341FB}.Debug|iPhoneSimulator.ActiveCfg = Debug|Any CPU
		{54D519AE-3E97-4155-89C4-1B1A4F6341FB}.Debug|iPhoneSimulator.Build.0 = Debug|Any CPU
		{54D519AE-3E97-4155-89C4-1B1A4F6341FB}.Debug|x64.ActiveCfg = Debug|Any CPU
		{54D519AE-3E97-4155-89C4-1B1A4F6341FB}.Debug|x64.Build.0 = Debug|Any CPU
		{54D519AE-3E97-4155-89C4-1B1A4F6341FB}.Debug|x86.ActiveCfg = Debug|Any CPU
		{54D519AE-3E97-4155-89C4-1B1A4F6341FB}.Debug|x86.Build.0 = Debug|Any CPU
		{54D519AE-3E97-4155-89C4-1B1A4F6341FB}.Release|Any CPU.ActiveCfg = Release|Any CPU
		{54D519AE-3E97-4155-89C4-1B1A4F6341FB}.Release|Any CPU.Build.0 = Release|Any CPU
		{54D519AE-3E97-4155-89C4-1B1A4F6341FB}.Release|ARM.ActiveCfg = Release|Any CPU
		{54D519AE-3E97-4155-89C4-1B1A4F6341FB}.Release|ARM.Build.0 = Release|Any CPU
		{54D519AE-3E97-4155-89C4-1B1A4F6341FB}.Release|iPhone.ActiveCfg = Release|Any CPU
		{54D519AE-3E97-4155-89C4-1B1A4F6341FB}.Release|iPhone.Build.0 = Release|Any CPU
		{54D519AE-3E97-4155-89C4-1B1A4F6341FB}.Release|iPhoneSimulator.ActiveCfg = Release|Any CPU
		{54D519AE-3E97-4155-89C4-1B1A4F6341FB}.Release|iPhoneSimulator.Build.0 = Release|Any CPU
		{54D519AE-3E97-4155-89C4-1B1A4F6341FB}.Release|x64.ActiveCfg = Release|Any CPU
		{54D519AE-3E97-4155-89C4-1B1A4F6341FB}.Release|x64.Build.0 = Release|Any CPU
		{54D519AE-3E97-4155-89C4-1B1A4F6341FB}.Release|x86.ActiveCfg = Release|Any CPU
		{54D519AE-3E97-4155-89C4-1B1A4F6341FB}.Release|x86.Build.0 = Release|Any CPU
		{405DF7A5-F17C-44C7-BC5F-67FE05EA251E}.Ad-Hoc|Any CPU.ActiveCfg = Release|Any CPU
		{405DF7A5-F17C-44C7-BC5F-67FE05EA251E}.Ad-Hoc|Any CPU.Build.0 = Release|Any CPU
		{405DF7A5-F17C-44C7-BC5F-67FE05EA251E}.Ad-Hoc|ARM.ActiveCfg = Release|Any CPU
		{405DF7A5-F17C-44C7-BC5F-67FE05EA251E}.Ad-Hoc|ARM.Build.0 = Release|Any CPU
		{405DF7A5-F17C-44C7-BC5F-67FE05EA251E}.Ad-Hoc|iPhone.ActiveCfg = Release|Any CPU
		{405DF7A5-F17C-44C7-BC5F-67FE05EA251E}.Ad-Hoc|iPhone.Build.0 = Release|Any CPU
		{405DF7A5-F17C-44C7-BC5F-67FE05EA251E}.Ad-Hoc|iPhoneSimulator.ActiveCfg = Release|Any CPU
		{405DF7A5-F17C-44C7-BC5F-67FE05EA251E}.Ad-Hoc|iPhoneSimulator.Build.0 = Release|Any CPU
		{405DF7A5-F17C-44C7-BC5F-67FE05EA251E}.Ad-Hoc|x64.ActiveCfg = Release|Any CPU
		{405DF7A5-F17C-44C7-BC5F-67FE05EA251E}.Ad-Hoc|x64.Build.0 = Release|Any CPU
		{405DF7A5-F17C-44C7-BC5F-67FE05EA251E}.Ad-Hoc|x86.ActiveCfg = Release|Any CPU
		{405DF7A5-F17C-44C7-BC5F-67FE05EA251E}.Ad-Hoc|x86.Build.0 = Release|Any CPU
		{405DF7A5-F17C-44C7-BC5F-67FE05EA251E}.AppStore|Any CPU.ActiveCfg = Release|Any CPU
		{405DF7A5-F17C-44C7-BC5F-67FE05EA251E}.AppStore|Any CPU.Build.0 = Release|Any CPU
		{405DF7A5-F17C-44C7-BC5F-67FE05EA251E}.AppStore|ARM.ActiveCfg = Release|Any CPU
		{405DF7A5-F17C-44C7-BC5F-67FE05EA251E}.AppStore|ARM.Build.0 = Release|Any CPU
		{405DF7A5-F17C-44C7-BC5F-67FE05EA251E}.AppStore|iPhone.ActiveCfg = Release|Any CPU
		{405DF7A5-F17C-44C7-BC5F-67FE05EA251E}.AppStore|iPhone.Build.0 = Release|Any CPU
		{405DF7A5-F17C-44C7-BC5F-67FE05EA251E}.AppStore|iPhoneSimulator.ActiveCfg = Release|Any CPU
		{405DF7A5-F17C-44C7-BC5F-67FE05EA251E}.AppStore|iPhoneSimulator.Build.0 = Release|Any CPU
		{405DF7A5-F17C-44C7-BC5F-67FE05EA251E}.AppStore|x64.ActiveCfg = Release|Any CPU
		{405DF7A5-F17C-44C7-BC5F-67FE05EA251E}.AppStore|x64.Build.0 = Release|Any CPU
		{405DF7A5-F17C-44C7-BC5F-67FE05EA251E}.AppStore|x86.ActiveCfg = Release|Any CPU
		{405DF7A5-F17C-44C7-BC5F-67FE05EA251E}.AppStore|x86.Build.0 = Release|Any CPU
		{405DF7A5-F17C-44C7-BC5F-67FE05EA251E}.Debug|Any CPU.ActiveCfg = Debug|Any CPU
		{405DF7A5-F17C-44C7-BC5F-67FE05EA251E}.Debug|Any CPU.Build.0 = Debug|Any CPU
		{405DF7A5-F17C-44C7-BC5F-67FE05EA251E}.Debug|ARM.ActiveCfg = Debug|Any CPU
		{405DF7A5-F17C-44C7-BC5F-67FE05EA251E}.Debug|ARM.Build.0 = Debug|Any CPU
		{405DF7A5-F17C-44C7-BC5F-67FE05EA251E}.Debug|iPhone.ActiveCfg = Debug|Any CPU
		{405DF7A5-F17C-44C7-BC5F-67FE05EA251E}.Debug|iPhone.Build.0 = Debug|Any CPU
		{405DF7A5-F17C-44C7-BC5F-67FE05EA251E}.Debug|iPhoneSimulator.ActiveCfg = Debug|Any CPU
		{405DF7A5-F17C-44C7-BC5F-67FE05EA251E}.Debug|iPhoneSimulator.Build.0 = Debug|Any CPU
		{405DF7A5-F17C-44C7-BC5F-67FE05EA251E}.Debug|x64.ActiveCfg = Debug|Any CPU
		{405DF7A5-F17C-44C7-BC5F-67FE05EA251E}.Debug|x64.Build.0 = Debug|Any CPU
		{405DF7A5-F17C-44C7-BC5F-67FE05EA251E}.Debug|x86.ActiveCfg = Debug|Any CPU
		{405DF7A5-F17C-44C7-BC5F-67FE05EA251E}.Debug|x86.Build.0 = Debug|Any CPU
		{405DF7A5-F17C-44C7-BC5F-67FE05EA251E}.Release|Any CPU.ActiveCfg = Release|Any CPU
		{405DF7A5-F17C-44C7-BC5F-67FE05EA251E}.Release|Any CPU.Build.0 = Release|Any CPU
		{405DF7A5-F17C-44C7-BC5F-67FE05EA251E}.Release|ARM.ActiveCfg = Release|Any CPU
		{405DF7A5-F17C-44C7-BC5F-67FE05EA251E}.Release|ARM.Build.0 = Release|Any CPU
		{405DF7A5-F17C-44C7-BC5F-67FE05EA251E}.Release|iPhone.ActiveCfg = Release|Any CPU
		{405DF7A5-F17C-44C7-BC5F-67FE05EA251E}.Release|iPhone.Build.0 = Release|Any CPU
		{405DF7A5-F17C-44C7-BC5F-67FE05EA251E}.Release|iPhoneSimulator.ActiveCfg = Release|Any CPU
		{405DF7A5-F17C-44C7-BC5F-67FE05EA251E}.Release|iPhoneSimulator.Build.0 = Release|Any CPU
		{405DF7A5-F17C-44C7-BC5F-67FE05EA251E}.Release|x64.ActiveCfg = Release|Any CPU
		{405DF7A5-F17C-44C7-BC5F-67FE05EA251E}.Release|x64.Build.0 = Release|Any CPU
		{405DF7A5-F17C-44C7-BC5F-67FE05EA251E}.Release|x86.ActiveCfg = Release|Any CPU
		{405DF7A5-F17C-44C7-BC5F-67FE05EA251E}.Release|x86.Build.0 = Release|Any CPU
		{3CEE14AE-3C90-4BE5-A6E8-D15E8BB00E45}.Ad-Hoc|Any CPU.ActiveCfg = Release|Any CPU
		{3CEE14AE-3C90-4BE5-A6E8-D15E8BB00E45}.Ad-Hoc|Any CPU.Build.0 = Release|Any CPU
		{3CEE14AE-3C90-4BE5-A6E8-D15E8BB00E45}.Ad-Hoc|ARM.ActiveCfg = Release|Any CPU
		{3CEE14AE-3C90-4BE5-A6E8-D15E8BB00E45}.Ad-Hoc|ARM.Build.0 = Release|Any CPU
		{3CEE14AE-3C90-4BE5-A6E8-D15E8BB00E45}.Ad-Hoc|iPhone.ActiveCfg = Release|Any CPU
		{3CEE14AE-3C90-4BE5-A6E8-D15E8BB00E45}.Ad-Hoc|iPhone.Build.0 = Release|Any CPU
		{3CEE14AE-3C90-4BE5-A6E8-D15E8BB00E45}.Ad-Hoc|iPhoneSimulator.ActiveCfg = Release|Any CPU
		{3CEE14AE-3C90-4BE5-A6E8-D15E8BB00E45}.Ad-Hoc|iPhoneSimulator.Build.0 = Release|Any CPU
		{3CEE14AE-3C90-4BE5-A6E8-D15E8BB00E45}.Ad-Hoc|x64.ActiveCfg = Release|Any CPU
		{3CEE14AE-3C90-4BE5-A6E8-D15E8BB00E45}.Ad-Hoc|x64.Build.0 = Release|Any CPU
		{3CEE14AE-3C90-4BE5-A6E8-D15E8BB00E45}.Ad-Hoc|x86.ActiveCfg = Release|Any CPU
		{3CEE14AE-3C90-4BE5-A6E8-D15E8BB00E45}.Ad-Hoc|x86.Build.0 = Release|Any CPU
		{3CEE14AE-3C90-4BE5-A6E8-D15E8BB00E45}.AppStore|Any CPU.ActiveCfg = Release|Any CPU
		{3CEE14AE-3C90-4BE5-A6E8-D15E8BB00E45}.AppStore|Any CPU.Build.0 = Release|Any CPU
		{3CEE14AE-3C90-4BE5-A6E8-D15E8BB00E45}.AppStore|ARM.ActiveCfg = Release|Any CPU
		{3CEE14AE-3C90-4BE5-A6E8-D15E8BB00E45}.AppStore|ARM.Build.0 = Release|Any CPU
		{3CEE14AE-3C90-4BE5-A6E8-D15E8BB00E45}.AppStore|iPhone.ActiveCfg = Release|Any CPU
		{3CEE14AE-3C90-4BE5-A6E8-D15E8BB00E45}.AppStore|iPhone.Build.0 = Release|Any CPU
		{3CEE14AE-3C90-4BE5-A6E8-D15E8BB00E45}.AppStore|iPhoneSimulator.ActiveCfg = Release|Any CPU
		{3CEE14AE-3C90-4BE5-A6E8-D15E8BB00E45}.AppStore|iPhoneSimulator.Build.0 = Release|Any CPU
		{3CEE14AE-3C90-4BE5-A6E8-D15E8BB00E45}.AppStore|x64.ActiveCfg = Release|Any CPU
		{3CEE14AE-3C90-4BE5-A6E8-D15E8BB00E45}.AppStore|x64.Build.0 = Release|Any CPU
		{3CEE14AE-3C90-4BE5-A6E8-D15E8BB00E45}.AppStore|x86.ActiveCfg = Release|Any CPU
		{3CEE14AE-3C90-4BE5-A6E8-D15E8BB00E45}.AppStore|x86.Build.0 = Release|Any CPU
		{3CEE14AE-3C90-4BE5-A6E8-D15E8BB00E45}.Debug|Any CPU.ActiveCfg = Debug|Any CPU
		{3CEE14AE-3C90-4BE5-A6E8-D15E8BB00E45}.Debug|Any CPU.Build.0 = Debug|Any CPU
		{3CEE14AE-3C90-4BE5-A6E8-D15E8BB00E45}.Debug|ARM.ActiveCfg = Debug|Any CPU
		{3CEE14AE-3C90-4BE5-A6E8-D15E8BB00E45}.Debug|ARM.Build.0 = Debug|Any CPU
		{3CEE14AE-3C90-4BE5-A6E8-D15E8BB00E45}.Debug|iPhone.ActiveCfg = Debug|Any CPU
		{3CEE14AE-3C90-4BE5-A6E8-D15E8BB00E45}.Debug|iPhone.Build.0 = Debug|Any CPU
		{3CEE14AE-3C90-4BE5-A6E8-D15E8BB00E45}.Debug|iPhoneSimulator.ActiveCfg = Debug|Any CPU
		{3CEE14AE-3C90-4BE5-A6E8-D15E8BB00E45}.Debug|iPhoneSimulator.Build.0 = Debug|Any CPU
		{3CEE14AE-3C90-4BE5-A6E8-D15E8BB00E45}.Debug|x64.ActiveCfg = Debug|Any CPU
		{3CEE14AE-3C90-4BE5-A6E8-D15E8BB00E45}.Debug|x64.Build.0 = Debug|Any CPU
		{3CEE14AE-3C90-4BE5-A6E8-D15E8BB00E45}.Debug|x86.ActiveCfg = Debug|Any CPU
		{3CEE14AE-3C90-4BE5-A6E8-D15E8BB00E45}.Debug|x86.Build.0 = Debug|Any CPU
		{3CEE14AE-3C90-4BE5-A6E8-D15E8BB00E45}.Release|Any CPU.ActiveCfg = Release|Any CPU
		{3CEE14AE-3C90-4BE5-A6E8-D15E8BB00E45}.Release|Any CPU.Build.0 = Release|Any CPU
		{3CEE14AE-3C90-4BE5-A6E8-D15E8BB00E45}.Release|ARM.ActiveCfg = Release|Any CPU
		{3CEE14AE-3C90-4BE5-A6E8-D15E8BB00E45}.Release|ARM.Build.0 = Release|Any CPU
		{3CEE14AE-3C90-4BE5-A6E8-D15E8BB00E45}.Release|iPhone.ActiveCfg = Release|Any CPU
		{3CEE14AE-3C90-4BE5-A6E8-D15E8BB00E45}.Release|iPhone.Build.0 = Release|Any CPU
		{3CEE14AE-3C90-4BE5-A6E8-D15E8BB00E45}.Release|iPhoneSimulator.ActiveCfg = Release|Any CPU
		{3CEE14AE-3C90-4BE5-A6E8-D15E8BB00E45}.Release|iPhoneSimulator.Build.0 = Release|Any CPU
		{3CEE14AE-3C90-4BE5-A6E8-D15E8BB00E45}.Release|x64.ActiveCfg = Release|Any CPU
		{3CEE14AE-3C90-4BE5-A6E8-D15E8BB00E45}.Release|x64.Build.0 = Release|Any CPU
		{3CEE14AE-3C90-4BE5-A6E8-D15E8BB00E45}.Release|x86.ActiveCfg = Release|Any CPU
		{3CEE14AE-3C90-4BE5-A6E8-D15E8BB00E45}.Release|x86.Build.0 = Release|Any CPU
		{41053904-E951-4B67-AD9F-463EB023A0DE}.Ad-Hoc|Any CPU.ActiveCfg = Release|Any CPU
		{41053904-E951-4B67-AD9F-463EB023A0DE}.Ad-Hoc|Any CPU.Build.0 = Release|Any CPU
		{41053904-E951-4B67-AD9F-463EB023A0DE}.Ad-Hoc|Any CPU.Deploy.0 = Release|Any CPU
		{41053904-E951-4B67-AD9F-463EB023A0DE}.Ad-Hoc|ARM.ActiveCfg = Release|Any CPU
		{41053904-E951-4B67-AD9F-463EB023A0DE}.Ad-Hoc|ARM.Build.0 = Release|Any CPU
		{41053904-E951-4B67-AD9F-463EB023A0DE}.Ad-Hoc|ARM.Deploy.0 = Release|Any CPU
		{41053904-E951-4B67-AD9F-463EB023A0DE}.Ad-Hoc|iPhone.ActiveCfg = Release|Any CPU
		{41053904-E951-4B67-AD9F-463EB023A0DE}.Ad-Hoc|iPhone.Build.0 = Release|Any CPU
		{41053904-E951-4B67-AD9F-463EB023A0DE}.Ad-Hoc|iPhone.Deploy.0 = Release|Any CPU
		{41053904-E951-4B67-AD9F-463EB023A0DE}.Ad-Hoc|iPhoneSimulator.ActiveCfg = Release|Any CPU
		{41053904-E951-4B67-AD9F-463EB023A0DE}.Ad-Hoc|iPhoneSimulator.Build.0 = Release|Any CPU
		{41053904-E951-4B67-AD9F-463EB023A0DE}.Ad-Hoc|iPhoneSimulator.Deploy.0 = Release|Any CPU
		{41053904-E951-4B67-AD9F-463EB023A0DE}.Ad-Hoc|x64.ActiveCfg = Release|Any CPU
		{41053904-E951-4B67-AD9F-463EB023A0DE}.Ad-Hoc|x64.Build.0 = Release|Any CPU
		{41053904-E951-4B67-AD9F-463EB023A0DE}.Ad-Hoc|x64.Deploy.0 = Release|Any CPU
		{41053904-E951-4B67-AD9F-463EB023A0DE}.Ad-Hoc|x86.ActiveCfg = Release|Any CPU
		{41053904-E951-4B67-AD9F-463EB023A0DE}.Ad-Hoc|x86.Build.0 = Release|Any CPU
		{41053904-E951-4B67-AD9F-463EB023A0DE}.Ad-Hoc|x86.Deploy.0 = Release|Any CPU
		{41053904-E951-4B67-AD9F-463EB023A0DE}.AppStore|Any CPU.ActiveCfg = Release|Any CPU
		{41053904-E951-4B67-AD9F-463EB023A0DE}.AppStore|Any CPU.Build.0 = Release|Any CPU
		{41053904-E951-4B67-AD9F-463EB023A0DE}.AppStore|Any CPU.Deploy.0 = Release|Any CPU
		{41053904-E951-4B67-AD9F-463EB023A0DE}.AppStore|ARM.ActiveCfg = Release|Any CPU
		{41053904-E951-4B67-AD9F-463EB023A0DE}.AppStore|ARM.Build.0 = Release|Any CPU
		{41053904-E951-4B67-AD9F-463EB023A0DE}.AppStore|ARM.Deploy.0 = Release|Any CPU
		{41053904-E951-4B67-AD9F-463EB023A0DE}.AppStore|iPhone.ActiveCfg = Release|Any CPU
		{41053904-E951-4B67-AD9F-463EB023A0DE}.AppStore|iPhone.Build.0 = Release|Any CPU
		{41053904-E951-4B67-AD9F-463EB023A0DE}.AppStore|iPhone.Deploy.0 = Release|Any CPU
		{41053904-E951-4B67-AD9F-463EB023A0DE}.AppStore|iPhoneSimulator.ActiveCfg = Release|Any CPU
		{41053904-E951-4B67-AD9F-463EB023A0DE}.AppStore|iPhoneSimulator.Build.0 = Release|Any CPU
		{41053904-E951-4B67-AD9F-463EB023A0DE}.AppStore|iPhoneSimulator.Deploy.0 = Release|Any CPU
		{41053904-E951-4B67-AD9F-463EB023A0DE}.AppStore|x64.ActiveCfg = Release|Any CPU
		{41053904-E951-4B67-AD9F-463EB023A0DE}.AppStore|x64.Build.0 = Release|Any CPU
		{41053904-E951-4B67-AD9F-463EB023A0DE}.AppStore|x64.Deploy.0 = Release|Any CPU
		{41053904-E951-4B67-AD9F-463EB023A0DE}.AppStore|x86.ActiveCfg = Release|Any CPU
		{41053904-E951-4B67-AD9F-463EB023A0DE}.AppStore|x86.Build.0 = Release|Any CPU
		{41053904-E951-4B67-AD9F-463EB023A0DE}.AppStore|x86.Deploy.0 = Release|Any CPU
		{41053904-E951-4B67-AD9F-463EB023A0DE}.Debug|Any CPU.ActiveCfg = Debug|Any CPU
		{41053904-E951-4B67-AD9F-463EB023A0DE}.Debug|Any CPU.Build.0 = Debug|Any CPU
		{41053904-E951-4B67-AD9F-463EB023A0DE}.Debug|Any CPU.Deploy.0 = Debug|Any CPU
		{41053904-E951-4B67-AD9F-463EB023A0DE}.Debug|ARM.ActiveCfg = Debug|Any CPU
		{41053904-E951-4B67-AD9F-463EB023A0DE}.Debug|ARM.Build.0 = Debug|Any CPU
		{41053904-E951-4B67-AD9F-463EB023A0DE}.Debug|ARM.Deploy.0 = Debug|Any CPU
		{41053904-E951-4B67-AD9F-463EB023A0DE}.Debug|iPhone.ActiveCfg = Debug|Any CPU
		{41053904-E951-4B67-AD9F-463EB023A0DE}.Debug|iPhone.Build.0 = Debug|Any CPU
		{41053904-E951-4B67-AD9F-463EB023A0DE}.Debug|iPhone.Deploy.0 = Debug|Any CPU
		{41053904-E951-4B67-AD9F-463EB023A0DE}.Debug|iPhoneSimulator.ActiveCfg = Debug|Any CPU
		{41053904-E951-4B67-AD9F-463EB023A0DE}.Debug|iPhoneSimulator.Build.0 = Debug|Any CPU
		{41053904-E951-4B67-AD9F-463EB023A0DE}.Debug|iPhoneSimulator.Deploy.0 = Debug|Any CPU
		{41053904-E951-4B67-AD9F-463EB023A0DE}.Debug|x64.ActiveCfg = Debug|Any CPU
		{41053904-E951-4B67-AD9F-463EB023A0DE}.Debug|x64.Build.0 = Debug|Any CPU
		{41053904-E951-4B67-AD9F-463EB023A0DE}.Debug|x64.Deploy.0 = Debug|Any CPU
		{41053904-E951-4B67-AD9F-463EB023A0DE}.Debug|x86.ActiveCfg = Debug|Any CPU
		{41053904-E951-4B67-AD9F-463EB023A0DE}.Debug|x86.Build.0 = Debug|Any CPU
		{41053904-E951-4B67-AD9F-463EB023A0DE}.Debug|x86.Deploy.0 = Debug|Any CPU
		{41053904-E951-4B67-AD9F-463EB023A0DE}.Release|Any CPU.ActiveCfg = Release|Any CPU
		{41053904-E951-4B67-AD9F-463EB023A0DE}.Release|Any CPU.Build.0 = Release|Any CPU
		{41053904-E951-4B67-AD9F-463EB023A0DE}.Release|Any CPU.Deploy.0 = Release|Any CPU
		{41053904-E951-4B67-AD9F-463EB023A0DE}.Release|ARM.ActiveCfg = Release|Any CPU
		{41053904-E951-4B67-AD9F-463EB023A0DE}.Release|ARM.Build.0 = Release|Any CPU
		{41053904-E951-4B67-AD9F-463EB023A0DE}.Release|ARM.Deploy.0 = Release|Any CPU
		{41053904-E951-4B67-AD9F-463EB023A0DE}.Release|iPhone.ActiveCfg = Release|Any CPU
		{41053904-E951-4B67-AD9F-463EB023A0DE}.Release|iPhone.Build.0 = Release|Any CPU
		{41053904-E951-4B67-AD9F-463EB023A0DE}.Release|iPhone.Deploy.0 = Release|Any CPU
		{41053904-E951-4B67-AD9F-463EB023A0DE}.Release|iPhoneSimulator.ActiveCfg = Release|Any CPU
		{41053904-E951-4B67-AD9F-463EB023A0DE}.Release|iPhoneSimulator.Build.0 = Release|Any CPU
		{41053904-E951-4B67-AD9F-463EB023A0DE}.Release|iPhoneSimulator.Deploy.0 = Release|Any CPU
		{41053904-E951-4B67-AD9F-463EB023A0DE}.Release|x64.ActiveCfg = Release|Any CPU
		{41053904-E951-4B67-AD9F-463EB023A0DE}.Release|x64.Build.0 = Release|Any CPU
		{41053904-E951-4B67-AD9F-463EB023A0DE}.Release|x64.Deploy.0 = Release|Any CPU
		{41053904-E951-4B67-AD9F-463EB023A0DE}.Release|x86.ActiveCfg = Release|Any CPU
		{41053904-E951-4B67-AD9F-463EB023A0DE}.Release|x86.Build.0 = Release|Any CPU
		{41053904-E951-4B67-AD9F-463EB023A0DE}.Release|x86.Deploy.0 = Release|Any CPU
		{E05CA6C9-BE69-4D4E-BAD3-5DCF337F0FB1}.Ad-Hoc|Any CPU.ActiveCfg = Ad-Hoc|iPhone
		{E05CA6C9-BE69-4D4E-BAD3-5DCF337F0FB1}.Ad-Hoc|ARM.ActiveCfg = Ad-Hoc|iPhone
		{E05CA6C9-BE69-4D4E-BAD3-5DCF337F0FB1}.Ad-Hoc|iPhone.ActiveCfg = Ad-Hoc|iPhone
		{E05CA6C9-BE69-4D4E-BAD3-5DCF337F0FB1}.Ad-Hoc|iPhone.Build.0 = Ad-Hoc|iPhone
		{E05CA6C9-BE69-4D4E-BAD3-5DCF337F0FB1}.Ad-Hoc|iPhoneSimulator.ActiveCfg = Ad-Hoc|iPhoneSimulator
		{E05CA6C9-BE69-4D4E-BAD3-5DCF337F0FB1}.Ad-Hoc|iPhoneSimulator.Build.0 = Ad-Hoc|iPhoneSimulator
		{E05CA6C9-BE69-4D4E-BAD3-5DCF337F0FB1}.Ad-Hoc|x64.ActiveCfg = Ad-Hoc|iPhone
		{E05CA6C9-BE69-4D4E-BAD3-5DCF337F0FB1}.Ad-Hoc|x86.ActiveCfg = Ad-Hoc|iPhone
		{E05CA6C9-BE69-4D4E-BAD3-5DCF337F0FB1}.AppStore|Any CPU.ActiveCfg = AppStore|iPhone
		{E05CA6C9-BE69-4D4E-BAD3-5DCF337F0FB1}.AppStore|ARM.ActiveCfg = AppStore|iPhone
		{E05CA6C9-BE69-4D4E-BAD3-5DCF337F0FB1}.AppStore|iPhone.ActiveCfg = AppStore|iPhone
		{E05CA6C9-BE69-4D4E-BAD3-5DCF337F0FB1}.AppStore|iPhone.Build.0 = AppStore|iPhone
		{E05CA6C9-BE69-4D4E-BAD3-5DCF337F0FB1}.AppStore|iPhoneSimulator.ActiveCfg = AppStore|iPhoneSimulator
		{E05CA6C9-BE69-4D4E-BAD3-5DCF337F0FB1}.AppStore|iPhoneSimulator.Build.0 = AppStore|iPhoneSimulator
		{E05CA6C9-BE69-4D4E-BAD3-5DCF337F0FB1}.AppStore|x64.ActiveCfg = AppStore|iPhone
		{E05CA6C9-BE69-4D4E-BAD3-5DCF337F0FB1}.AppStore|x86.ActiveCfg = AppStore|iPhone
		{E05CA6C9-BE69-4D4E-BAD3-5DCF337F0FB1}.Debug|Any CPU.ActiveCfg = Debug|iPhone
		{E05CA6C9-BE69-4D4E-BAD3-5DCF337F0FB1}.Debug|ARM.ActiveCfg = Debug|iPhone
		{E05CA6C9-BE69-4D4E-BAD3-5DCF337F0FB1}.Debug|iPhone.ActiveCfg = Debug|iPhone
		{E05CA6C9-BE69-4D4E-BAD3-5DCF337F0FB1}.Debug|iPhone.Build.0 = Debug|iPhone
		{E05CA6C9-BE69-4D4E-BAD3-5DCF337F0FB1}.Debug|iPhoneSimulator.ActiveCfg = Debug|iPhoneSimulator
		{E05CA6C9-BE69-4D4E-BAD3-5DCF337F0FB1}.Debug|iPhoneSimulator.Build.0 = Debug|iPhoneSimulator
		{E05CA6C9-BE69-4D4E-BAD3-5DCF337F0FB1}.Debug|x64.ActiveCfg = Debug|iPhone
		{E05CA6C9-BE69-4D4E-BAD3-5DCF337F0FB1}.Debug|x86.ActiveCfg = Debug|iPhone
		{E05CA6C9-BE69-4D4E-BAD3-5DCF337F0FB1}.Release|Any CPU.ActiveCfg = Release|iPhone
		{E05CA6C9-BE69-4D4E-BAD3-5DCF337F0FB1}.Release|ARM.ActiveCfg = Release|iPhone
		{E05CA6C9-BE69-4D4E-BAD3-5DCF337F0FB1}.Release|iPhone.ActiveCfg = Release|iPhone
		{E05CA6C9-BE69-4D4E-BAD3-5DCF337F0FB1}.Release|iPhone.Build.0 = Release|iPhone
		{E05CA6C9-BE69-4D4E-BAD3-5DCF337F0FB1}.Release|iPhoneSimulator.ActiveCfg = Release|iPhoneSimulator
		{E05CA6C9-BE69-4D4E-BAD3-5DCF337F0FB1}.Release|iPhoneSimulator.Build.0 = Release|iPhoneSimulator
		{E05CA6C9-BE69-4D4E-BAD3-5DCF337F0FB1}.Release|x64.ActiveCfg = Release|iPhone
		{E05CA6C9-BE69-4D4E-BAD3-5DCF337F0FB1}.Release|x86.ActiveCfg = Release|iPhone
		{71CEDE84-0F43-4C42-B6FF-421BF77FD586}.Ad-Hoc|Any CPU.ActiveCfg = Release|Any CPU
		{71CEDE84-0F43-4C42-B6FF-421BF77FD586}.Ad-Hoc|Any CPU.Build.0 = Release|Any CPU
		{71CEDE84-0F43-4C42-B6FF-421BF77FD586}.Ad-Hoc|Any CPU.Deploy.0 = Release|Any CPU
		{71CEDE84-0F43-4C42-B6FF-421BF77FD586}.Ad-Hoc|ARM.ActiveCfg = Release|ARM
		{71CEDE84-0F43-4C42-B6FF-421BF77FD586}.Ad-Hoc|ARM.Build.0 = Release|ARM
		{71CEDE84-0F43-4C42-B6FF-421BF77FD586}.Ad-Hoc|ARM.Deploy.0 = Release|ARM
		{71CEDE84-0F43-4C42-B6FF-421BF77FD586}.Ad-Hoc|iPhone.ActiveCfg = Release|Any CPU
		{71CEDE84-0F43-4C42-B6FF-421BF77FD586}.Ad-Hoc|iPhone.Build.0 = Release|Any CPU
		{71CEDE84-0F43-4C42-B6FF-421BF77FD586}.Ad-Hoc|iPhone.Deploy.0 = Release|Any CPU
		{71CEDE84-0F43-4C42-B6FF-421BF77FD586}.Ad-Hoc|iPhoneSimulator.ActiveCfg = Release|Any CPU
		{71CEDE84-0F43-4C42-B6FF-421BF77FD586}.Ad-Hoc|iPhoneSimulator.Build.0 = Release|Any CPU
		{71CEDE84-0F43-4C42-B6FF-421BF77FD586}.Ad-Hoc|iPhoneSimulator.Deploy.0 = Release|Any CPU
		{71CEDE84-0F43-4C42-B6FF-421BF77FD586}.Ad-Hoc|x64.ActiveCfg = Release|Any CPU
		{71CEDE84-0F43-4C42-B6FF-421BF77FD586}.Ad-Hoc|x64.Build.0 = Release|Any CPU
		{71CEDE84-0F43-4C42-B6FF-421BF77FD586}.Ad-Hoc|x64.Deploy.0 = Release|Any CPU
		{71CEDE84-0F43-4C42-B6FF-421BF77FD586}.Ad-Hoc|x86.ActiveCfg = Release|x86
		{71CEDE84-0F43-4C42-B6FF-421BF77FD586}.Ad-Hoc|x86.Build.0 = Release|x86
		{71CEDE84-0F43-4C42-B6FF-421BF77FD586}.Ad-Hoc|x86.Deploy.0 = Release|x86
		{71CEDE84-0F43-4C42-B6FF-421BF77FD586}.AppStore|Any CPU.ActiveCfg = Release|Any CPU
		{71CEDE84-0F43-4C42-B6FF-421BF77FD586}.AppStore|Any CPU.Build.0 = Release|Any CPU
		{71CEDE84-0F43-4C42-B6FF-421BF77FD586}.AppStore|Any CPU.Deploy.0 = Release|Any CPU
		{71CEDE84-0F43-4C42-B6FF-421BF77FD586}.AppStore|ARM.ActiveCfg = Release|ARM
		{71CEDE84-0F43-4C42-B6FF-421BF77FD586}.AppStore|ARM.Build.0 = Release|ARM
		{71CEDE84-0F43-4C42-B6FF-421BF77FD586}.AppStore|ARM.Deploy.0 = Release|ARM
		{71CEDE84-0F43-4C42-B6FF-421BF77FD586}.AppStore|iPhone.ActiveCfg = Release|Any CPU
		{71CEDE84-0F43-4C42-B6FF-421BF77FD586}.AppStore|iPhone.Build.0 = Release|Any CPU
		{71CEDE84-0F43-4C42-B6FF-421BF77FD586}.AppStore|iPhone.Deploy.0 = Release|Any CPU
		{71CEDE84-0F43-4C42-B6FF-421BF77FD586}.AppStore|iPhoneSimulator.ActiveCfg = Release|Any CPU
		{71CEDE84-0F43-4C42-B6FF-421BF77FD586}.AppStore|iPhoneSimulator.Build.0 = Release|Any CPU
		{71CEDE84-0F43-4C42-B6FF-421BF77FD586}.AppStore|iPhoneSimulator.Deploy.0 = Release|Any CPU
		{71CEDE84-0F43-4C42-B6FF-421BF77FD586}.AppStore|x64.ActiveCfg = Release|Any CPU
		{71CEDE84-0F43-4C42-B6FF-421BF77FD586}.AppStore|x64.Build.0 = Release|Any CPU
		{71CEDE84-0F43-4C42-B6FF-421BF77FD586}.AppStore|x64.Deploy.0 = Release|Any CPU
		{71CEDE84-0F43-4C42-B6FF-421BF77FD586}.AppStore|x86.ActiveCfg = Release|x86
		{71CEDE84-0F43-4C42-B6FF-421BF77FD586}.AppStore|x86.Build.0 = Release|x86
		{71CEDE84-0F43-4C42-B6FF-421BF77FD586}.AppStore|x86.Deploy.0 = Release|x86
		{71CEDE84-0F43-4C42-B6FF-421BF77FD586}.Debug|Any CPU.ActiveCfg = Debug|Any CPU
		{71CEDE84-0F43-4C42-B6FF-421BF77FD586}.Debug|Any CPU.Build.0 = Debug|Any CPU
		{71CEDE84-0F43-4C42-B6FF-421BF77FD586}.Debug|Any CPU.Deploy.0 = Debug|Any CPU
		{71CEDE84-0F43-4C42-B6FF-421BF77FD586}.Debug|ARM.ActiveCfg = Debug|ARM
		{71CEDE84-0F43-4C42-B6FF-421BF77FD586}.Debug|ARM.Build.0 = Debug|ARM
		{71CEDE84-0F43-4C42-B6FF-421BF77FD586}.Debug|ARM.Deploy.0 = Debug|ARM
		{71CEDE84-0F43-4C42-B6FF-421BF77FD586}.Debug|iPhone.ActiveCfg = Debug|Any CPU
		{71CEDE84-0F43-4C42-B6FF-421BF77FD586}.Debug|iPhone.Build.0 = Debug|Any CPU
		{71CEDE84-0F43-4C42-B6FF-421BF77FD586}.Debug|iPhone.Deploy.0 = Debug|Any CPU
		{71CEDE84-0F43-4C42-B6FF-421BF77FD586}.Debug|iPhoneSimulator.ActiveCfg = Debug|Any CPU
		{71CEDE84-0F43-4C42-B6FF-421BF77FD586}.Debug|iPhoneSimulator.Build.0 = Debug|Any CPU
		{71CEDE84-0F43-4C42-B6FF-421BF77FD586}.Debug|iPhoneSimulator.Deploy.0 = Debug|Any CPU
		{71CEDE84-0F43-4C42-B6FF-421BF77FD586}.Debug|x64.ActiveCfg = Debug|Any CPU
		{71CEDE84-0F43-4C42-B6FF-421BF77FD586}.Debug|x64.Build.0 = Debug|Any CPU
		{71CEDE84-0F43-4C42-B6FF-421BF77FD586}.Debug|x64.Deploy.0 = Debug|Any CPU
		{71CEDE84-0F43-4C42-B6FF-421BF77FD586}.Debug|x86.ActiveCfg = Debug|x86
		{71CEDE84-0F43-4C42-B6FF-421BF77FD586}.Debug|x86.Build.0 = Debug|x86
		{71CEDE84-0F43-4C42-B6FF-421BF77FD586}.Debug|x86.Deploy.0 = Debug|x86
		{71CEDE84-0F43-4C42-B6FF-421BF77FD586}.Release|Any CPU.ActiveCfg = Release|Any CPU
		{71CEDE84-0F43-4C42-B6FF-421BF77FD586}.Release|Any CPU.Build.0 = Release|Any CPU
		{71CEDE84-0F43-4C42-B6FF-421BF77FD586}.Release|Any CPU.Deploy.0 = Release|Any CPU
		{71CEDE84-0F43-4C42-B6FF-421BF77FD586}.Release|ARM.ActiveCfg = Release|ARM
		{71CEDE84-0F43-4C42-B6FF-421BF77FD586}.Release|ARM.Build.0 = Release|ARM
		{71CEDE84-0F43-4C42-B6FF-421BF77FD586}.Release|ARM.Deploy.0 = Release|ARM
		{71CEDE84-0F43-4C42-B6FF-421BF77FD586}.Release|iPhone.ActiveCfg = Release|Any CPU
		{71CEDE84-0F43-4C42-B6FF-421BF77FD586}.Release|iPhone.Build.0 = Release|Any CPU
		{71CEDE84-0F43-4C42-B6FF-421BF77FD586}.Release|iPhone.Deploy.0 = Release|Any CPU
		{71CEDE84-0F43-4C42-B6FF-421BF77FD586}.Release|iPhoneSimulator.ActiveCfg = Release|Any CPU
		{71CEDE84-0F43-4C42-B6FF-421BF77FD586}.Release|iPhoneSimulator.Build.0 = Release|Any CPU
		{71CEDE84-0F43-4C42-B6FF-421BF77FD586}.Release|iPhoneSimulator.Deploy.0 = Release|Any CPU
		{71CEDE84-0F43-4C42-B6FF-421BF77FD586}.Release|x64.ActiveCfg = Release|Any CPU
		{71CEDE84-0F43-4C42-B6FF-421BF77FD586}.Release|x64.Build.0 = Release|Any CPU
		{71CEDE84-0F43-4C42-B6FF-421BF77FD586}.Release|x64.Deploy.0 = Release|Any CPU
		{71CEDE84-0F43-4C42-B6FF-421BF77FD586}.Release|x86.ActiveCfg = Release|x86
		{71CEDE84-0F43-4C42-B6FF-421BF77FD586}.Release|x86.Build.0 = Release|x86
		{71CEDE84-0F43-4C42-B6FF-421BF77FD586}.Release|x86.Deploy.0 = Release|x86
		{0232DE44-4F30-497D-9955-61B83A0106C1}.Ad-Hoc|Any CPU.ActiveCfg = Release|x86
		{0232DE44-4F30-497D-9955-61B83A0106C1}.Ad-Hoc|Any CPU.Build.0 = Release|x86
		{0232DE44-4F30-497D-9955-61B83A0106C1}.Ad-Hoc|Any CPU.Deploy.0 = Release|x86
		{0232DE44-4F30-497D-9955-61B83A0106C1}.Ad-Hoc|ARM.ActiveCfg = Release|ARM
		{0232DE44-4F30-497D-9955-61B83A0106C1}.Ad-Hoc|ARM.Build.0 = Release|ARM
		{0232DE44-4F30-497D-9955-61B83A0106C1}.Ad-Hoc|ARM.Deploy.0 = Release|ARM
		{0232DE44-4F30-497D-9955-61B83A0106C1}.Ad-Hoc|iPhone.ActiveCfg = Release|x86
		{0232DE44-4F30-497D-9955-61B83A0106C1}.Ad-Hoc|iPhone.Build.0 = Release|x86
		{0232DE44-4F30-497D-9955-61B83A0106C1}.Ad-Hoc|iPhone.Deploy.0 = Release|x86
		{0232DE44-4F30-497D-9955-61B83A0106C1}.Ad-Hoc|iPhoneSimulator.ActiveCfg = Release|x86
		{0232DE44-4F30-497D-9955-61B83A0106C1}.Ad-Hoc|iPhoneSimulator.Build.0 = Release|x86
		{0232DE44-4F30-497D-9955-61B83A0106C1}.Ad-Hoc|iPhoneSimulator.Deploy.0 = Release|x86
		{0232DE44-4F30-497D-9955-61B83A0106C1}.Ad-Hoc|x64.ActiveCfg = Release|x64
		{0232DE44-4F30-497D-9955-61B83A0106C1}.Ad-Hoc|x64.Build.0 = Release|x64
		{0232DE44-4F30-497D-9955-61B83A0106C1}.Ad-Hoc|x64.Deploy.0 = Release|x64
		{0232DE44-4F30-497D-9955-61B83A0106C1}.Ad-Hoc|x86.ActiveCfg = Release|x86
		{0232DE44-4F30-497D-9955-61B83A0106C1}.Ad-Hoc|x86.Build.0 = Release|x86
		{0232DE44-4F30-497D-9955-61B83A0106C1}.Ad-Hoc|x86.Deploy.0 = Release|x86
		{0232DE44-4F30-497D-9955-61B83A0106C1}.AppStore|Any CPU.ActiveCfg = Release|x86
		{0232DE44-4F30-497D-9955-61B83A0106C1}.AppStore|Any CPU.Build.0 = Release|x86
		{0232DE44-4F30-497D-9955-61B83A0106C1}.AppStore|Any CPU.Deploy.0 = Release|x86
		{0232DE44-4F30-497D-9955-61B83A0106C1}.AppStore|ARM.ActiveCfg = Release|ARM
		{0232DE44-4F30-497D-9955-61B83A0106C1}.AppStore|ARM.Build.0 = Release|ARM
		{0232DE44-4F30-497D-9955-61B83A0106C1}.AppStore|ARM.Deploy.0 = Release|ARM
		{0232DE44-4F30-497D-9955-61B83A0106C1}.AppStore|iPhone.ActiveCfg = Release|x86
		{0232DE44-4F30-497D-9955-61B83A0106C1}.AppStore|iPhone.Build.0 = Release|x86
		{0232DE44-4F30-497D-9955-61B83A0106C1}.AppStore|iPhone.Deploy.0 = Release|x86
		{0232DE44-4F30-497D-9955-61B83A0106C1}.AppStore|iPhoneSimulator.ActiveCfg = Release|x86
		{0232DE44-4F30-497D-9955-61B83A0106C1}.AppStore|iPhoneSimulator.Build.0 = Release|x86
		{0232DE44-4F30-497D-9955-61B83A0106C1}.AppStore|iPhoneSimulator.Deploy.0 = Release|x86
		{0232DE44-4F30-497D-9955-61B83A0106C1}.AppStore|x64.ActiveCfg = Release|x64
		{0232DE44-4F30-497D-9955-61B83A0106C1}.AppStore|x64.Build.0 = Release|x64
		{0232DE44-4F30-497D-9955-61B83A0106C1}.AppStore|x64.Deploy.0 = Release|x64
		{0232DE44-4F30-497D-9955-61B83A0106C1}.AppStore|x86.ActiveCfg = Release|x86
		{0232DE44-4F30-497D-9955-61B83A0106C1}.AppStore|x86.Build.0 = Release|x86
		{0232DE44-4F30-497D-9955-61B83A0106C1}.AppStore|x86.Deploy.0 = Release|x86
		{0232DE44-4F30-497D-9955-61B83A0106C1}.Debug|Any CPU.ActiveCfg = Debug|x86
		{0232DE44-4F30-497D-9955-61B83A0106C1}.Debug|ARM.ActiveCfg = Debug|ARM
		{0232DE44-4F30-497D-9955-61B83A0106C1}.Debug|ARM.Build.0 = Debug|ARM
		{0232DE44-4F30-497D-9955-61B83A0106C1}.Debug|ARM.Deploy.0 = Debug|ARM
		{0232DE44-4F30-497D-9955-61B83A0106C1}.Debug|iPhone.ActiveCfg = Debug|x86
		{0232DE44-4F30-497D-9955-61B83A0106C1}.Debug|iPhoneSimulator.ActiveCfg = Debug|x86
		{0232DE44-4F30-497D-9955-61B83A0106C1}.Debug|x64.ActiveCfg = Debug|x64
		{0232DE44-4F30-497D-9955-61B83A0106C1}.Debug|x64.Build.0 = Debug|x64
		{0232DE44-4F30-497D-9955-61B83A0106C1}.Debug|x64.Deploy.0 = Debug|x64
		{0232DE44-4F30-497D-9955-61B83A0106C1}.Debug|x86.ActiveCfg = Debug|x86
		{0232DE44-4F30-497D-9955-61B83A0106C1}.Debug|x86.Build.0 = Debug|x86
		{0232DE44-4F30-497D-9955-61B83A0106C1}.Debug|x86.Deploy.0 = Debug|x86
		{0232DE44-4F30-497D-9955-61B83A0106C1}.Release|Any CPU.ActiveCfg = Release|x86
		{0232DE44-4F30-497D-9955-61B83A0106C1}.Release|ARM.ActiveCfg = Release|ARM
		{0232DE44-4F30-497D-9955-61B83A0106C1}.Release|ARM.Build.0 = Release|ARM
		{0232DE44-4F30-497D-9955-61B83A0106C1}.Release|ARM.Deploy.0 = Release|ARM
		{0232DE44-4F30-497D-9955-61B83A0106C1}.Release|iPhone.ActiveCfg = Release|x86
		{0232DE44-4F30-497D-9955-61B83A0106C1}.Release|iPhoneSimulator.ActiveCfg = Release|x86
		{0232DE44-4F30-497D-9955-61B83A0106C1}.Release|x64.ActiveCfg = Release|x64
		{0232DE44-4F30-497D-9955-61B83A0106C1}.Release|x64.Build.0 = Release|x64
		{0232DE44-4F30-497D-9955-61B83A0106C1}.Release|x64.Deploy.0 = Release|x64
		{0232DE44-4F30-497D-9955-61B83A0106C1}.Release|x86.ActiveCfg = Release|x86
		{0232DE44-4F30-497D-9955-61B83A0106C1}.Release|x86.Build.0 = Release|x86
		{0232DE44-4F30-497D-9955-61B83A0106C1}.Release|x86.Deploy.0 = Release|x86
		{1FD4FB59-BA69-445F-860A-913484C63870}.Ad-Hoc|Any CPU.ActiveCfg = Release|Any CPU
		{1FD4FB59-BA69-445F-860A-913484C63870}.Ad-Hoc|Any CPU.Build.0 = Release|Any CPU
		{1FD4FB59-BA69-445F-860A-913484C63870}.Ad-Hoc|Any CPU.Deploy.0 = Release|Any CPU
		{1FD4FB59-BA69-445F-860A-913484C63870}.Ad-Hoc|ARM.ActiveCfg = Release|ARM
		{1FD4FB59-BA69-445F-860A-913484C63870}.Ad-Hoc|ARM.Build.0 = Release|ARM
		{1FD4FB59-BA69-445F-860A-913484C63870}.Ad-Hoc|ARM.Deploy.0 = Release|ARM
		{1FD4FB59-BA69-445F-860A-913484C63870}.Ad-Hoc|iPhone.ActiveCfg = Release|Any CPU
		{1FD4FB59-BA69-445F-860A-913484C63870}.Ad-Hoc|iPhone.Build.0 = Release|Any CPU
		{1FD4FB59-BA69-445F-860A-913484C63870}.Ad-Hoc|iPhone.Deploy.0 = Release|Any CPU
		{1FD4FB59-BA69-445F-860A-913484C63870}.Ad-Hoc|iPhoneSimulator.ActiveCfg = Release|Any CPU
		{1FD4FB59-BA69-445F-860A-913484C63870}.Ad-Hoc|iPhoneSimulator.Build.0 = Release|Any CPU
		{1FD4FB59-BA69-445F-860A-913484C63870}.Ad-Hoc|iPhoneSimulator.Deploy.0 = Release|Any CPU
		{1FD4FB59-BA69-445F-860A-913484C63870}.Ad-Hoc|x64.ActiveCfg = Release|x64
		{1FD4FB59-BA69-445F-860A-913484C63870}.Ad-Hoc|x64.Build.0 = Release|x64
		{1FD4FB59-BA69-445F-860A-913484C63870}.Ad-Hoc|x64.Deploy.0 = Release|x64
		{1FD4FB59-BA69-445F-860A-913484C63870}.Ad-Hoc|x86.ActiveCfg = Release|x86
		{1FD4FB59-BA69-445F-860A-913484C63870}.Ad-Hoc|x86.Build.0 = Release|x86
		{1FD4FB59-BA69-445F-860A-913484C63870}.Ad-Hoc|x86.Deploy.0 = Release|x86
		{1FD4FB59-BA69-445F-860A-913484C63870}.AppStore|Any CPU.ActiveCfg = Release|Any CPU
		{1FD4FB59-BA69-445F-860A-913484C63870}.AppStore|Any CPU.Build.0 = Release|Any CPU
		{1FD4FB59-BA69-445F-860A-913484C63870}.AppStore|Any CPU.Deploy.0 = Release|Any CPU
		{1FD4FB59-BA69-445F-860A-913484C63870}.AppStore|ARM.ActiveCfg = Release|ARM
		{1FD4FB59-BA69-445F-860A-913484C63870}.AppStore|ARM.Build.0 = Release|ARM
		{1FD4FB59-BA69-445F-860A-913484C63870}.AppStore|ARM.Deploy.0 = Release|ARM
		{1FD4FB59-BA69-445F-860A-913484C63870}.AppStore|iPhone.ActiveCfg = Release|Any CPU
		{1FD4FB59-BA69-445F-860A-913484C63870}.AppStore|iPhone.Build.0 = Release|Any CPU
		{1FD4FB59-BA69-445F-860A-913484C63870}.AppStore|iPhone.Deploy.0 = Release|Any CPU
		{1FD4FB59-BA69-445F-860A-913484C63870}.AppStore|iPhoneSimulator.ActiveCfg = Release|Any CPU
		{1FD4FB59-BA69-445F-860A-913484C63870}.AppStore|iPhoneSimulator.Build.0 = Release|Any CPU
		{1FD4FB59-BA69-445F-860A-913484C63870}.AppStore|iPhoneSimulator.Deploy.0 = Release|Any CPU
		{1FD4FB59-BA69-445F-860A-913484C63870}.AppStore|x64.ActiveCfg = Release|x64
		{1FD4FB59-BA69-445F-860A-913484C63870}.AppStore|x64.Build.0 = Release|x64
		{1FD4FB59-BA69-445F-860A-913484C63870}.AppStore|x64.Deploy.0 = Release|x64
		{1FD4FB59-BA69-445F-860A-913484C63870}.AppStore|x86.ActiveCfg = Release|x86
		{1FD4FB59-BA69-445F-860A-913484C63870}.AppStore|x86.Build.0 = Release|x86
		{1FD4FB59-BA69-445F-860A-913484C63870}.AppStore|x86.Deploy.0 = Release|x86
		{1FD4FB59-BA69-445F-860A-913484C63870}.Debug|Any CPU.ActiveCfg = Debug|Any CPU
		{1FD4FB59-BA69-445F-860A-913484C63870}.Debug|Any CPU.Build.0 = Debug|Any CPU
		{1FD4FB59-BA69-445F-860A-913484C63870}.Debug|Any CPU.Deploy.0 = Debug|Any CPU
		{1FD4FB59-BA69-445F-860A-913484C63870}.Debug|ARM.ActiveCfg = Debug|ARM
		{1FD4FB59-BA69-445F-860A-913484C63870}.Debug|ARM.Build.0 = Debug|ARM
		{1FD4FB59-BA69-445F-860A-913484C63870}.Debug|ARM.Deploy.0 = Debug|ARM
		{1FD4FB59-BA69-445F-860A-913484C63870}.Debug|iPhone.ActiveCfg = Debug|Any CPU
		{1FD4FB59-BA69-445F-860A-913484C63870}.Debug|iPhone.Build.0 = Debug|Any CPU
		{1FD4FB59-BA69-445F-860A-913484C63870}.Debug|iPhone.Deploy.0 = Debug|Any CPU
		{1FD4FB59-BA69-445F-860A-913484C63870}.Debug|iPhoneSimulator.ActiveCfg = Debug|Any CPU
		{1FD4FB59-BA69-445F-860A-913484C63870}.Debug|iPhoneSimulator.Build.0 = Debug|Any CPU
		{1FD4FB59-BA69-445F-860A-913484C63870}.Debug|iPhoneSimulator.Deploy.0 = Debug|Any CPU
		{1FD4FB59-BA69-445F-860A-913484C63870}.Debug|x64.ActiveCfg = Debug|x64
		{1FD4FB59-BA69-445F-860A-913484C63870}.Debug|x64.Build.0 = Debug|x64
		{1FD4FB59-BA69-445F-860A-913484C63870}.Debug|x64.Deploy.0 = Debug|x64
		{1FD4FB59-BA69-445F-860A-913484C63870}.Debug|x86.ActiveCfg = Debug|x86
		{1FD4FB59-BA69-445F-860A-913484C63870}.Debug|x86.Build.0 = Debug|x86
		{1FD4FB59-BA69-445F-860A-913484C63870}.Debug|x86.Deploy.0 = Debug|x86
		{1FD4FB59-BA69-445F-860A-913484C63870}.Release|Any CPU.ActiveCfg = Release|Any CPU
		{1FD4FB59-BA69-445F-860A-913484C63870}.Release|Any CPU.Build.0 = Release|Any CPU
		{1FD4FB59-BA69-445F-860A-913484C63870}.Release|Any CPU.Deploy.0 = Release|Any CPU
		{1FD4FB59-BA69-445F-860A-913484C63870}.Release|ARM.ActiveCfg = Release|ARM
		{1FD4FB59-BA69-445F-860A-913484C63870}.Release|ARM.Build.0 = Release|ARM
		{1FD4FB59-BA69-445F-860A-913484C63870}.Release|ARM.Deploy.0 = Release|ARM
		{1FD4FB59-BA69-445F-860A-913484C63870}.Release|iPhone.ActiveCfg = Release|Any CPU
		{1FD4FB59-BA69-445F-860A-913484C63870}.Release|iPhone.Build.0 = Release|Any CPU
		{1FD4FB59-BA69-445F-860A-913484C63870}.Release|iPhone.Deploy.0 = Release|Any CPU
		{1FD4FB59-BA69-445F-860A-913484C63870}.Release|iPhoneSimulator.ActiveCfg = Release|Any CPU
		{1FD4FB59-BA69-445F-860A-913484C63870}.Release|iPhoneSimulator.Build.0 = Release|Any CPU
		{1FD4FB59-BA69-445F-860A-913484C63870}.Release|iPhoneSimulator.Deploy.0 = Release|Any CPU
		{1FD4FB59-BA69-445F-860A-913484C63870}.Release|x64.ActiveCfg = Release|x64
		{1FD4FB59-BA69-445F-860A-913484C63870}.Release|x64.Build.0 = Release|x64
		{1FD4FB59-BA69-445F-860A-913484C63870}.Release|x64.Deploy.0 = Release|x64
		{1FD4FB59-BA69-445F-860A-913484C63870}.Release|x86.ActiveCfg = Release|x86
		{1FD4FB59-BA69-445F-860A-913484C63870}.Release|x86.Build.0 = Release|x86
		{1FD4FB59-BA69-445F-860A-913484C63870}.Release|x86.Deploy.0 = Release|x86
		{74617A3A-BBBD-4729-BA68-D773B64F2C5E}.Ad-Hoc|Any CPU.ActiveCfg = Release|Any CPU
		{74617A3A-BBBD-4729-BA68-D773B64F2C5E}.Ad-Hoc|Any CPU.Build.0 = Release|Any CPU
		{74617A3A-BBBD-4729-BA68-D773B64F2C5E}.Ad-Hoc|ARM.ActiveCfg = Release|Any CPU
		{74617A3A-BBBD-4729-BA68-D773B64F2C5E}.Ad-Hoc|ARM.Build.0 = Release|Any CPU
		{74617A3A-BBBD-4729-BA68-D773B64F2C5E}.Ad-Hoc|iPhone.ActiveCfg = Release|Any CPU
		{74617A3A-BBBD-4729-BA68-D773B64F2C5E}.Ad-Hoc|iPhone.Build.0 = Release|Any CPU
		{74617A3A-BBBD-4729-BA68-D773B64F2C5E}.Ad-Hoc|iPhoneSimulator.ActiveCfg = Release|Any CPU
		{74617A3A-BBBD-4729-BA68-D773B64F2C5E}.Ad-Hoc|iPhoneSimulator.Build.0 = Release|Any CPU
		{74617A3A-BBBD-4729-BA68-D773B64F2C5E}.Ad-Hoc|x64.ActiveCfg = Release|Any CPU
		{74617A3A-BBBD-4729-BA68-D773B64F2C5E}.Ad-Hoc|x64.Build.0 = Release|Any CPU
		{74617A3A-BBBD-4729-BA68-D773B64F2C5E}.Ad-Hoc|x86.ActiveCfg = Release|Any CPU
		{74617A3A-BBBD-4729-BA68-D773B64F2C5E}.Ad-Hoc|x86.Build.0 = Release|Any CPU
		{74617A3A-BBBD-4729-BA68-D773B64F2C5E}.AppStore|Any CPU.ActiveCfg = Release|Any CPU
		{74617A3A-BBBD-4729-BA68-D773B64F2C5E}.AppStore|Any CPU.Build.0 = Release|Any CPU
		{74617A3A-BBBD-4729-BA68-D773B64F2C5E}.AppStore|ARM.ActiveCfg = Release|Any CPU
		{74617A3A-BBBD-4729-BA68-D773B64F2C5E}.AppStore|ARM.Build.0 = Release|Any CPU
		{74617A3A-BBBD-4729-BA68-D773B64F2C5E}.AppStore|iPhone.ActiveCfg = Release|Any CPU
		{74617A3A-BBBD-4729-BA68-D773B64F2C5E}.AppStore|iPhone.Build.0 = Release|Any CPU
		{74617A3A-BBBD-4729-BA68-D773B64F2C5E}.AppStore|iPhoneSimulator.ActiveCfg = Release|Any CPU
		{74617A3A-BBBD-4729-BA68-D773B64F2C5E}.AppStore|iPhoneSimulator.Build.0 = Release|Any CPU
		{74617A3A-BBBD-4729-BA68-D773B64F2C5E}.AppStore|x64.ActiveCfg = Release|Any CPU
		{74617A3A-BBBD-4729-BA68-D773B64F2C5E}.AppStore|x64.Build.0 = Release|Any CPU
		{74617A3A-BBBD-4729-BA68-D773B64F2C5E}.AppStore|x86.ActiveCfg = Release|Any CPU
		{74617A3A-BBBD-4729-BA68-D773B64F2C5E}.AppStore|x86.Build.0 = Release|Any CPU
		{74617A3A-BBBD-4729-BA68-D773B64F2C5E}.Debug|Any CPU.ActiveCfg = Debug|Any CPU
		{74617A3A-BBBD-4729-BA68-D773B64F2C5E}.Debug|Any CPU.Build.0 = Debug|Any CPU
		{74617A3A-BBBD-4729-BA68-D773B64F2C5E}.Debug|ARM.ActiveCfg = Debug|Any CPU
		{74617A3A-BBBD-4729-BA68-D773B64F2C5E}.Debug|ARM.Build.0 = Debug|Any CPU
		{74617A3A-BBBD-4729-BA68-D773B64F2C5E}.Debug|iPhone.ActiveCfg = Debug|Any CPU
		{74617A3A-BBBD-4729-BA68-D773B64F2C5E}.Debug|iPhone.Build.0 = Debug|Any CPU
		{74617A3A-BBBD-4729-BA68-D773B64F2C5E}.Debug|iPhoneSimulator.ActiveCfg = Debug|Any CPU
		{74617A3A-BBBD-4729-BA68-D773B64F2C5E}.Debug|iPhoneSimulator.Build.0 = Debug|Any CPU
		{74617A3A-BBBD-4729-BA68-D773B64F2C5E}.Debug|x64.ActiveCfg = Debug|Any CPU
		{74617A3A-BBBD-4729-BA68-D773B64F2C5E}.Debug|x64.Build.0 = Debug|Any CPU
		{74617A3A-BBBD-4729-BA68-D773B64F2C5E}.Debug|x86.ActiveCfg = Debug|Any CPU
		{74617A3A-BBBD-4729-BA68-D773B64F2C5E}.Debug|x86.Build.0 = Debug|Any CPU
		{74617A3A-BBBD-4729-BA68-D773B64F2C5E}.Release|Any CPU.ActiveCfg = Release|Any CPU
		{74617A3A-BBBD-4729-BA68-D773B64F2C5E}.Release|Any CPU.Build.0 = Release|Any CPU
		{74617A3A-BBBD-4729-BA68-D773B64F2C5E}.Release|ARM.ActiveCfg = Release|Any CPU
		{74617A3A-BBBD-4729-BA68-D773B64F2C5E}.Release|ARM.Build.0 = Release|Any CPU
		{74617A3A-BBBD-4729-BA68-D773B64F2C5E}.Release|iPhone.ActiveCfg = Release|Any CPU
		{74617A3A-BBBD-4729-BA68-D773B64F2C5E}.Release|iPhone.Build.0 = Release|Any CPU
		{74617A3A-BBBD-4729-BA68-D773B64F2C5E}.Release|iPhoneSimulator.ActiveCfg = Release|Any CPU
		{74617A3A-BBBD-4729-BA68-D773B64F2C5E}.Release|iPhoneSimulator.Build.0 = Release|Any CPU
		{74617A3A-BBBD-4729-BA68-D773B64F2C5E}.Release|x64.ActiveCfg = Release|Any CPU
		{74617A3A-BBBD-4729-BA68-D773B64F2C5E}.Release|x64.Build.0 = Release|Any CPU
		{74617A3A-BBBD-4729-BA68-D773B64F2C5E}.Release|x86.ActiveCfg = Release|Any CPU
		{74617A3A-BBBD-4729-BA68-D773B64F2C5E}.Release|x86.Build.0 = Release|Any CPU
	EndGlobalSection
	GlobalSection(SolutionProperties) = preSolution
		HideSolutionNode = FALSE
	EndGlobalSection
EndGlobal
