
Microsoft Visual Studio Solution File, Format Version 12.00
# Visual Studio 14
VisualStudioVersion = 14.0.25123.0
MinimumVisualStudioVersion = 10.0.40219.1
Project("{FAE04EC0-301F-11D3-BF4B-00C04F79EFBC}") = "WinForm", "WinForm\WinForm.csproj", "{48AB25DA-7A5B-44AF-9F2C-39FA4B13A034}"
EndProject
Project("{FAE04EC0-301F-11D3-BF4B-00C04F79EFBC}") = "OpenWeatherMap", "..\..\Library\OpenWeatherMap\OpenWeatherMap.csproj", "{70453FF8-262F-47E5-983D-7A0D858C7784}"
EndProject
Project("{FAE04EC0-301F-11D3-BF4B-00C04F79EFBC}") = "Weather", "..\..\Library\Weather\Weather.csproj", "{54D519AE-3E97-4155-89C4-1B1A4F6341FB}"
EndProject
Project("{FAE04EC0-301F-11D3-BF4B-00C04F79EFBC}") = "Web", "Web\Web.csproj", "{405DF7A5-F17C-44C7-BC5F-67FE05EA251E}"
EndProject
Global
	GlobalSection(SolutionConfigurationPlatforms) = preSolution
		Debug|Any CPU = Debug|Any CPU
		Release|Any CPU = Release|Any CPU
	EndGlobalSection
	GlobalSection(ProjectConfigurationPlatforms) = postSolution
		{48AB25DA-7A5B-44AF-9F2C-39FA4B13A034}.Debug|Any CPU.ActiveCfg = Debug|Any CPU
		{48AB25DA-7A5B-44AF-9F2C-39FA4B13A034}.Debug|Any CPU.Build.0 = Debug|Any CPU
		{48AB25DA-7A5B-44AF-9F2C-39FA4B13A034}.Release|Any CPU.ActiveCfg = Release|Any CPU
		{48AB25DA-7A5B-44AF-9F2C-39FA4B13A034}.Release|Any CPU.Build.0 = Release|Any CPU
		{70453FF8-262F-47E5-983D-7A0D858C7784}.Debug|Any CPU.ActiveCfg = Debug|Any CPU
		{70453FF8-262F-47E5-983D-7A0D858C7784}.Debug|Any CPU.Build.0 = Debug|Any CPU
		{70453FF8-262F-47E5-983D-7A0D858C7784}.Release|Any CPU.ActiveCfg = Release|Any CPU
		{70453FF8-262F-47E5-983D-7A0D858C7784}.Release|Any CPU.Build.0 = Release|Any CPU
		{54D519AE-3E97-4155-89C4-1B1A4F6341FB}.Debug|Any CPU.ActiveCfg = Debug|Any CPU
		{54D519AE-3E97-4155-89C4-1B1A4F6341FB}.Debug|Any CPU.Build.0 = Debug|Any CPU
		{54D519AE-3E97-4155-89C4-1B1A4F6341FB}.Release|Any CPU.ActiveCfg = Release|Any CPU
		{54D519AE-3E97-4155-89C4-1B1A4F6341FB}.Release|Any CPU.Build.0 = Release|Any CPU
		{405DF7A5-F17C-44C7-BC5F-67FE05EA251E}.Debug|Any CPU.ActiveCfg = Debug|Any CPU
		{405DF7A5-F17C-44C7-BC5F-67FE05EA251E}.Debug|Any CPU.Build.0 = Debug|Any CPU
		{405DF7A5-F17C-44C7-BC5F-67FE05EA251E}.Release|Any CPU.ActiveCfg = Release|Any CPU
		{405DF7A5-F17C-44C7-BC5F-67FE05EA251E}.Release|Any CPU.Build.0 = Release|Any CPU
	EndGlobalSection
	GlobalSection(SolutionProperties) = preSolution
		HideSolutionNode = FALSE
	EndGlobalSection
EndGlobal
